// !$*UTF8*$!
{
	archiveVersion = 1;
	classes = {
	};
	objectVersion = 47;
	objects = {

/* Begin PBXBuildFile section */
		6B62A6A191907106C5701938 /* startrek in Resources */ = {isa = PBXBuildFile; fileRef = 6B62A3B997138B7F375E9696 /* startrek */; };
		BB5114F31D39FDF100D74EE7 /* startrek in Resources */ = {isa = PBXBuildFile; fileRef = 6B62A3B997138B7F375E9696 /* startrek */; };
		BB80189D1D39DF5700257E3F /* InfoPlist.strings in Resources */ = {isa = PBXBuildFile; fileRef = BB80189F1D39DF5700257E3F /* InfoPlist.strings */; };
		BB8018A31D39DF5800257E3F /* Localizable.strings in Resources */ = {isa = PBXBuildFile; fileRef = BB8018A51D39DF5800257E3F /* Localizable.strings */; };
		BBA039E71D389A9500611A2B /* DNFortuneParserTests.m in Sources */ = {isa = PBXBuildFile; fileRef = BBA039E61D389A9500611A2B /* DNFortuneParserTests.m */; };
		BBA039E91D389A9500611A2B /* libDNFortuneParser.a in Frameworks */ = {isa = PBXBuildFile; fileRef = BBCBED971D38744F006B3FF6 /* libDNFortuneParser.a */; };
		BBBBED381D3890FF005183C4 /* Fortune.m in Sources */ = {isa = PBXBuildFile; fileRef = BBBBED371D3890FF005183C4 /* Fortune.m */; };
		BBCBED9B1D38744F006B3FF6 /* DNFortuneParser.h in CopyFiles */ = {isa = PBXBuildFile; fileRef = BBCBED9A1D38744F006B3FF6 /* DNFortuneParser.h */; };
		BBCBED9D1D38744F006B3FF6 /* DNFortuneParser.m in Sources */ = {isa = PBXBuildFile; fileRef = BBCBED9C1D38744F006B3FF6 /* DNFortuneParser.m */; };
/* End PBXBuildFile section */

/* Begin PBXContainerItemProxy section */
		BBA039EA1D389A9500611A2B /* PBXContainerItemProxy */ = {
			isa = PBXContainerItemProxy;
			containerPortal = BBCBED8F1D38744F006B3FF6 /* Project object */;
			proxyType = 1;
			remoteGlobalIDString = BBCBED961D38744F006B3FF6;
			remoteInfo = DNFortuneParser;
		};
/* End PBXContainerItemProxy section */

/* Begin PBXCopyFilesBuildPhase section */
		BBCBED951D38744F006B3FF6 /* CopyFiles */ = {
			isa = PBXCopyFilesBuildPhase;
			buildActionMask = 2147483647;
			dstPath = "include/$(PRODUCT_NAME)";
			dstSubfolderSpec = 16;
			files = (
				BBCBED9B1D38744F006B3FF6 /* DNFortuneParser.h in CopyFiles */,
			);
			runOnlyForDeploymentPostprocessing = 0;
		};
/* End PBXCopyFilesBuildPhase section */

/* Begin PBXFileReference section */
		6B62A3B997138B7F375E9696 /* startrek */ = {isa = PBXFileReference; fileEncoding = 4; lastKnownFileType = text; path = startrek; sourceTree = "<group>"; };
		6B62AEC2A2F5C045CDBB35E2 /* DNFortuneParserErrors.h */ = {isa = PBXFileReference; fileEncoding = 4; lastKnownFileType = sourcecode.c.h; path = DNFortuneParserErrors.h; sourceTree = "<group>"; };
		BB80189E1D39DF5700257E3F /* en */ = {isa = PBXFileReference; lastKnownFileType = text.plist.strings; name = en; path = en.lproj/InfoPlist.strings; sourceTree = "<group>"; };
		BB8018A41D39DF5800257E3F /* en */ = {isa = PBXFileReference; lastKnownFileType = text.plist.strings; name = en; path = en.lproj/Localizable.strings; sourceTree = "<group>"; };
		BBA039E41D389A9500611A2B /* DNFortuneParserTests.xctest */ = {isa = PBXFileReference; explicitFileType = wrapper.cfbundle; includeInIndex = 0; path = DNFortuneParserTests.xctest; sourceTree = BUILT_PRODUCTS_DIR; };
		BBA039E61D389A9500611A2B /* DNFortuneParserTests.m */ = {isa = PBXFileReference; lastKnownFileType = sourcecode.c.objc; path = DNFortuneParserTests.m; sourceTree = "<group>"; };
		BBA039E81D389A9500611A2B /* Info.plist */ = {isa = PBXFileReference; lastKnownFileType = text.plist.xml; path = Info.plist; sourceTree = "<group>"; };
		BBBBED361D3890FF005183C4 /* Fortune.h */ = {isa = PBXFileReference; fileEncoding = 4; lastKnownFileType = sourcecode.c.h; path = Fortune.h; sourceTree = "<group>"; };
		BBBBED371D3890FF005183C4 /* Fortune.m */ = {isa = PBXFileReference; fileEncoding = 4; lastKnownFileType = sourcecode.c.objc; path = Fortune.m; sourceTree = "<group>"; };
		BBCBED971D38744F006B3FF6 /* libDNFortuneParser.a */ = {isa = PBXFileReference; explicitFileType = archive.ar; includeInIndex = 0; path = libDNFortuneParser.a; sourceTree = BUILT_PRODUCTS_DIR; };
		BBCBED9A1D38744F006B3FF6 /* DNFortuneParser.h */ = {isa = PBXFileReference; lastKnownFileType = sourcecode.c.h; path = DNFortuneParser.h; sourceTree = "<group>"; };
		BBCBED9C1D38744F006B3FF6 /* DNFortuneParser.m */ = {isa = PBXFileReference; lastKnownFileType = sourcecode.c.objc; path = DNFortuneParser.m; sourceTree = "<group>"; };
/* End PBXFileReference section */

/* Begin PBXFrameworksBuildPhase section */
		BBA039E11D389A9500611A2B /* Frameworks */ = {
			isa = PBXFrameworksBuildPhase;
			buildActionMask = 2147483647;
			files = (
				BBA039E91D389A9500611A2B /* libDNFortuneParser.a in Frameworks */,
			);
			runOnlyForDeploymentPostprocessing = 0;
		};
		BBCBED941D38744F006B3FF6 /* Frameworks */ = {
			isa = PBXFrameworksBuildPhase;
			buildActionMask = 2147483647;
			files = (
			);
			runOnlyForDeploymentPostprocessing = 0;
		};
/* End PBXFrameworksBuildPhase section */

/* Begin PBXGroup section */
		6B62A69F0F27F43A4FEC1654 /* Resources */ = {
			isa = PBXGroup;
			children = (
				6B62A3B997138B7F375E9696 /* startrek */,
			);
			path = Resources;
			sourceTree = "<group>";
		};
		BBA039E51D389A9500611A2B /* DNFortuneParserTests */ = {
			isa = PBXGroup;
			children = (
				BB80189F1D39DF5700257E3F /* InfoPlist.strings */,
				BBA039E61D389A9500611A2B /* DNFortuneParserTests.m */,
				BBA039E81D389A9500611A2B /* Info.plist */,
			);
			path = DNFortuneParserTests;
			sourceTree = "<group>";
		};
		BBCBED8E1D38744F006B3FF6 = {
			isa = PBXGroup;
			children = (
				BB8018A51D39DF5800257E3F /* Localizable.strings */,
				BBCBED991D38744F006B3FF6 /* DNFortuneParser */,
				BBA039E51D389A9500611A2B /* DNFortuneParserTests */,
				BBCBED981D38744F006B3FF6 /* Products */,
				6B62A69F0F27F43A4FEC1654 /* Resources */,
			);
			sourceTree = "<group>";
		};
		BBCBED981D38744F006B3FF6 /* Products */ = {
			isa = PBXGroup;
			children = (
				BBCBED971D38744F006B3FF6 /* libDNFortuneParser.a */,
				BBA039E41D389A9500611A2B /* DNFortuneParserTests.xctest */,
			);
			name = Products;
			sourceTree = "<group>";
		};
		BBCBED991D38744F006B3FF6 /* DNFortuneParser */ = {
			isa = PBXGroup;
			children = (
				BBCBED9A1D38744F006B3FF6 /* DNFortuneParser.h */,
				BBCBED9C1D38744F006B3FF6 /* DNFortuneParser.m */,
				BBBBED361D3890FF005183C4 /* Fortune.h */,
				BBBBED371D3890FF005183C4 /* Fortune.m */,
				6B62AEC2A2F5C045CDBB35E2 /* DNFortuneParserErrors.h */,
			);
			path = DNFortuneParser;
			sourceTree = "<group>";
		};
/* End PBXGroup section */

/* Begin PBXNativeTarget section */
		BBA039E31D389A9500611A2B /* DNFortuneParserTests */ = {
			isa = PBXNativeTarget;
			buildConfigurationList = BBA039EC1D389A9500611A2B /* Build configuration list for PBXNativeTarget "DNFortuneParserTests" */;
			buildPhases = (
				BBA039E01D389A9500611A2B /* Sources */,
				BBA039E11D389A9500611A2B /* Frameworks */,
				BBA039E21D389A9500611A2B /* Resources */,
			);
			buildRules = (
			);
			dependencies = (
				BBA039EB1D389A9500611A2B /* PBXTargetDependency */,
			);
			name = DNFortuneParserTests;
			productName = DNFortuneParserTests;
			productReference = BBA039E41D389A9500611A2B /* DNFortuneParserTests.xctest */;
			productType = "com.apple.product-type.bundle.unit-test";
		};
		BBCBED961D38744F006B3FF6 /* DNFortuneParser */ = {
			isa = PBXNativeTarget;
			buildConfigurationList = BBCBEDA01D38744F006B3FF6 /* Build configuration list for PBXNativeTarget "DNFortuneParser" */;
			buildPhases = (
				BBCBED931D38744F006B3FF6 /* Sources */,
				BBCBED941D38744F006B3FF6 /* Frameworks */,
				BBCBED951D38744F006B3FF6 /* CopyFiles */,
				BB8018A21D39DF5800257E3F /* Resources */,
			);
			buildRules = (
			);
			dependencies = (
			);
			name = DNFortuneParser;
			productName = DNFortuneParser;
			productReference = BBCBED971D38744F006B3FF6 /* libDNFortuneParser.a */;
			productType = "com.apple.product-type.library.static";
		};
/* End PBXNativeTarget section */

/* Begin PBXProject section */
		BBCBED8F1D38744F006B3FF6 /* Project object */ = {
			isa = PBXProject;
			attributes = {
				LastUpgradeCheck = 0730;
				ORGANIZATIONNAME = "David Nedrow";
				TargetAttributes = {
					BBA039E31D389A9500611A2B = {
						CreatedOnToolsVersion = 7.3.1;
					};
					BBCBED961D38744F006B3FF6 = {
						CreatedOnToolsVersion = 7.3.1;
					};
				};
			};
			buildConfigurationList = BBCBED921D38744F006B3FF6 /* Build configuration list for PBXProject "DNFortuneParser" */;
			compatibilityVersion = "Xcode 6.3";
			developmentRegion = English;
			hasScannedForEncodings = 0;
			knownRegions = (
				en,
			);
			mainGroup = BBCBED8E1D38744F006B3FF6;
			productRefGroup = BBCBED981D38744F006B3FF6 /* Products */;
			projectDirPath = "";
			projectRoot = "";
			targets = (
				BBCBED961D38744F006B3FF6 /* DNFortuneParser */,
				BBA039E31D389A9500611A2B /* DNFortuneParserTests */,
			);
		};
/* End PBXProject section */

/* Begin PBXResourcesBuildPhase section */
		BB8018A21D39DF5800257E3F /* Resources */ = {
			isa = PBXResourcesBuildPhase;
			buildActionMask = 2147483647;
			files = (
				BB8018A31D39DF5800257E3F /* Localizable.strings in Resources */,
				6B62A6A191907106C5701938 /* startrek in Resources */,
			);
			runOnlyForDeploymentPostprocessing = 0;
		};
		BBA039E21D389A9500611A2B /* Resources */ = {
			isa = PBXResourcesBuildPhase;
			buildActionMask = 2147483647;
			files = (
				BB5114F31D39FDF100D74EE7 /* startrek in Resources */,
				BB80189D1D39DF5700257E3F /* InfoPlist.strings in Resources */,
			);
			runOnlyForDeploymentPostprocessing = 0;
		};
/* End PBXResourcesBuildPhase section */

/* Begin PBXSourcesBuildPhase section */
		BBA039E01D389A9500611A2B /* Sources */ = {
			isa = PBXSourcesBuildPhase;
			buildActionMask = 2147483647;
			files = (
				BBA039E71D389A9500611A2B /* DNFortuneParserTests.m in Sources */,
			);
			runOnlyForDeploymentPostprocessing = 0;
		};
		BBCBED931D38744F006B3FF6 /* Sources */ = {
			isa = PBXSourcesBuildPhase;
			buildActionMask = 2147483647;
			files = (
				BBCBED9D1D38744F006B3FF6 /* DNFortuneParser.m in Sources */,
				BBBBED381D3890FF005183C4 /* Fortune.m in Sources */,
			);
			runOnlyForDeploymentPostprocessing = 0;
		};
/* End PBXSourcesBuildPhase section */

/* Begin PBXTargetDependency section */
		BBA039EB1D389A9500611A2B /* PBXTargetDependency */ = {
			isa = PBXTargetDependency;
			target = BBCBED961D38744F006B3FF6 /* DNFortuneParser */;
			targetProxy = BBA039EA1D389A9500611A2B /* PBXContainerItemProxy */;
		};
/* End PBXTargetDependency section */

/* Begin PBXVariantGroup section */
		BB80189F1D39DF5700257E3F /* InfoPlist.strings */ = {
			isa = PBXVariantGroup;
			children = (
				BB80189E1D39DF5700257E3F /* en */,
			);
			name = InfoPlist.strings;
			sourceTree = "<group>";
		};
		BB8018A51D39DF5800257E3F /* Localizable.strings */ = {
			isa = PBXVariantGroup;
			children = (
				BB8018A41D39DF5800257E3F /* en */,
			);
			name = Localizable.strings;
			sourceTree = "<group>";
		};
/* End PBXVariantGroup section */

/* Begin XCBuildConfiguration section */
		BBA039ED1D389A9500611A2B /* Debug */ = {
			isa = XCBuildConfiguration;
			buildSettings = {
				INFOPLIST_FILE = DNFortuneParserTests/Info.plist;
				LD_RUNPATH_SEARCH_PATHS = "$(inherited) @executable_path/Frameworks @loader_path/Frameworks";
				PRODUCT_BUNDLE_IDENTIFIER = net.nedron.DNFortuneParserTests;
				PRODUCT_NAME = "$(TARGET_NAME)";
			};
			name = Debug;
		};
		BBA039EE1D389A9500611A2B /* Release */ = {
			isa = XCBuildConfiguration;
			buildSettings = {
				INFOPLIST_FILE = DNFortuneParserTests/Info.plist;
				LD_RUNPATH_SEARCH_PATHS = "$(inherited) @executable_path/Frameworks @loader_path/Frameworks";
				PRODUCT_BUNDLE_IDENTIFIER = net.nedron.DNFortuneParserTests;
				PRODUCT_NAME = "$(TARGET_NAME)";
			};
			name = Release;
		};
		BBCBED9E1D38744F006B3FF6 /* Debug */ = {
			isa = XCBuildConfiguration;
			buildSettings = {
				ALWAYS_SEARCH_USER_PATHS = NO;
				CLANG_ANALYZER_NONNULL = YES;
				CLANG_CXX_LANGUAGE_STANDARD = "gnu++0x";
				CLANG_CXX_LIBRARY = "libc++";
				CLANG_ENABLE_MODULES = YES;
				CLANG_ENABLE_OBJC_ARC = YES;
				CLANG_WARN_BOOL_CONVERSION = YES;
				CLANG_WARN_CONSTANT_CONVERSION = YES;
				CLANG_WARN_DIRECT_OBJC_ISA_USAGE = YES_ERROR;
				CLANG_WARN_EMPTY_BODY = YES;
				CLANG_WARN_ENUM_CONVERSION = YES;
				CLANG_WARN_INT_CONVERSION = YES;
				CLANG_WARN_OBJC_ROOT_CLASS = YES_ERROR;
				CLANG_WARN_UNREACHABLE_CODE = YES;
				CLANG_WARN__DUPLICATE_METHOD_MATCH = YES;
				"CODE_SIGN_IDENTITY[sdk=iphoneos*]" = "iPhone Developer";
				COPY_PHASE_STRIP = NO;
				DEBUG_INFORMATION_FORMAT = dwarf;
				ENABLE_STRICT_OBJC_MSGSEND = YES;
				ENABLE_TESTABILITY = YES;
				GCC_C_LANGUAGE_STANDARD = gnu99;
				GCC_DYNAMIC_NO_PIC = NO;
				GCC_NO_COMMON_BLOCKS = YES;
				GCC_OPTIMIZATION_LEVEL = 0;
				GCC_PREPROCESSOR_DEFINITIONS = (
					"DEBUG=1",
					"$(inherited)",
				);
				GCC_WARN_64_TO_32_BIT_CONVERSION = YES;
				GCC_WARN_ABOUT_RETURN_TYPE = YES_ERROR;
				GCC_WARN_UNDECLARED_SELECTOR = YES;
				GCC_WARN_UNINITIALIZED_AUTOS = YES_AGGRESSIVE;
				GCC_WARN_UNUSED_FUNCTION = YES;
				GCC_WARN_UNUSED_VARIABLE = YES;
				IPHONEOS_DEPLOYMENT_TARGET = 9.3;
				MTL_ENABLE_DEBUG_INFO = YES;
				ONLY_ACTIVE_ARCH = YES;
				SDKROOT = iphoneos;
			};
			name = Debug;
		};
		BBCBED9F1D38744F006B3FF6 /* Release */ = {
			isa = XCBuildConfiguration;
			buildSettings = {
				ALWAYS_SEARCH_USER_PATHS = NO;
				CLANG_ANALYZER_NONNULL = YES;
				CLANG_CXX_LANGUAGE_STANDARD = "gnu++0x";
				CLANG_CXX_LIBRARY = "libc++";
				CLANG_ENABLE_MODULES = YES;
				CLANG_ENABLE_OBJC_ARC = YES;
				CLANG_WARN_BOOL_CONVERSION = YES;
				CLANG_WARN_CONSTANT_CONVERSION = YES;
				CLANG_WARN_DIRECT_OBJC_ISA_USAGE = YES_ERROR;
				CLANG_WARN_EMPTY_BODY = YES;
				CLANG_WARN_ENUM_CONVERSION = YES;
				CLANG_WARN_INT_CONVERSION = YES;
				CLANG_WARN_OBJC_ROOT_CLASS = YES_ERROR;
				CLANG_WARN_UNREACHABLE_CODE = YES;
				CLANG_WARN__DUPLICATE_METHOD_MATCH = YES;
				"CODE_SIGN_IDENTITY[sdk=iphoneos*]" = "iPhone Developer";
				COPY_PHASE_STRIP = NO;
				DEBUG_INFORMATION_FORMAT = "dwarf-with-dsym";
				ENABLE_NS_ASSERTIONS = NO;
				ENABLE_STRICT_OBJC_MSGSEND = YES;
				GCC_C_LANGUAGE_STANDARD = gnu99;
				GCC_NO_COMMON_BLOCKS = YES;
				GCC_WARN_64_TO_32_BIT_CONVERSION = YES;
				GCC_WARN_ABOUT_RETURN_TYPE = YES_ERROR;
				GCC_WARN_UNDECLARED_SELECTOR = YES;
				GCC_WARN_UNINITIALIZED_AUTOS = YES_AGGRESSIVE;
				GCC_WARN_UNUSED_FUNCTION = YES;
				GCC_WARN_UNUSED_VARIABLE = YES;
				IPHONEOS_DEPLOYMENT_TARGET = 9.3;
				MTL_ENABLE_DEBUG_INFO = NO;
				SDKROOT = iphoneos;
				VALIDATE_PRODUCT = YES;
			};
			name = Release;
		};
		BBCBEDA11D38744F006B3FF6 /* Debug */ = {
			isa = XCBuildConfiguration;
			buildSettings = {
				OTHER_LDFLAGS = "-ObjC";
				PRODUCT_NAME = "$(TARGET_NAME)";
				SKIP_INSTALL = YES;
			};
			name = Debug;
		};
		BBCBEDA21D38744F006B3FF6 /* Release */ = {
			isa = XCBuildConfiguration;
			buildSettings = {
				OTHER_LDFLAGS = "-ObjC";
				PRODUCT_NAME = "$(TARGET_NAME)";
				SKIP_INSTALL = YES;
			};
			name = Release;
		};
/* End XCBuildConfiguration section */

/* Begin XCConfigurationList section */
		BBA039EC1D389A9500611A2B /* Build configuration list for PBXNativeTarget "DNFortuneParserTests" */ = {
			isa = XCConfigurationList;
			buildConfigurations = (
				BBA039ED1D389A9500611A2B /* Debug */,
				BBA039EE1D389A9500611A2B /* Release */,
			);
			defaultConfigurationIsVisible = 0;
			defaultConfigurationName = Release;
		};
		BBCBED921D38744F006B3FF6 /* Build configuration list for PBXProject "DNFortuneParser" */ = {
			isa = XCConfigurationList;
			buildConfigurations = (
				BBCBED9E1D38744F006B3FF6 /* Debug */,
				BBCBED9F1D38744F006B3FF6 /* Release */,
			);
			defaultConfigurationIsVisible = 0;
			defaultConfigurationName = Release;
		};
		BBCBEDA01D38744F006B3FF6 /* Build configuration list for PBXNativeTarget "DNFortuneParser" */ = {
			isa = XCConfigurationList;
			buildConfigurations = (
				BBCBEDA11D38744F006B3FF6 /* Debug */,
				BBCBEDA21D38744F006B3FF6 /* Release */,
			);
			defaultConfigurationIsVisible = 0;
			defaultConfigurationName = Release;
		};
/* End XCConfigurationList section */
	};
	rootObject = BBCBED8F1D38744F006B3FF6 /* Project object */;
}
