// !$*UTF8*$!
{
	archiveVersion = 1;
	classes = {
	};
	objectVersion = 46;
	objects = {

/* Begin PBXBuildFile section */
		BBBBED381D3890FF005183C4 /* Fortune.m in Sources */ = {isa = PBXBuildFile; fileRef = BBBBED371D3890FF005183C4 /* Fortune.m */; };
		BBCBED9B1D38744F006B3FF6 /* DNFortuneParser.h in CopyFiles */ = {isa = PBXBuildFile; fileRef = BBCBED9A1D38744F006B3FF6 /* DNFortuneParser.h */; };
		BBCBED9D1D38744F006B3FF6 /* DNFortuneParser.m in Sources */ = {isa = PBXBuildFile; fileRef = BBCBED9C1D38744F006B3FF6 /* DNFortuneParser.m */; };
/* End PBXBuildFile section */

/* Begin PBXCopyFilesBuildPhase section */
		BBCBED951D38744F006B3FF6 /* CopyFiles */ = {
			isa = PBXCopyFilesBuildPhase;
			buildActionMask = 2147483647;
			dstPath = "include/$(PRODUCT_NAME)";
			dstSubfolderSpec = 16;
			files = (
				BBCBED9B1D38744F006B3FF6 /* DNFortuneParser.h in CopyFiles */,
			);
			runOnlyForDeploymentPostprocessing = 0;
		};
/* End PBXCopyFilesBuildPhase section */

/* Begin PBXFileReference section */
		BBBBED361D3890FF005183C4 /* Fortune.h */ = {isa = PBXFileReference; fileEncoding = 4; lastKnownFileType = sourcecode.c.h; path = Fortune.h; sourceTree = "<group>"; };
		BBBBED371D3890FF005183C4 /* Fortune.m */ = {isa = PBXFileReference; fileEncoding = 4; lastKnownFileType = sourcecode.c.objc; path = Fortune.m; sourceTree = "<group>"; };
		BBCBED971D38744F006B3FF6 /* libDNFortuneParser.a */ = {isa = PBXFileReference; explicitFileType = archive.ar; includeInIndex = 0; path = libDNFortuneParser.a; sourceTree = BUILT_PRODUCTS_DIR; };
		BBCBED9A1D38744F006B3FF6 /* DNFortuneParser.h */ = {isa = PBXFileReference; lastKnownFileType = sourcecode.c.h; path = DNFortuneParser.h; sourceTree = "<group>"; };
		BBCBED9C1D38744F006B3FF6 /* DNFortuneParser.m */ = {isa = PBXFileReference; lastKnownFileType = sourcecode.c.objc; path = DNFortuneParser.m; sourceTree = "<group>"; };
/* End PBXFileReference section */

/* Begin PBXFrameworksBuildPhase section */
		BBCBED941D38744F006B3FF6 /* Frameworks */ = {
			isa = PBXFrameworksBuildPhase;
			buildActionMask = 2147483647;
			files = (
			);
			runOnlyForDeploymentPostprocessing = 0;
		};
/* End PBXFrameworksBuildPhase section */

/* Begin PBXGroup section */
		BBCBED8E1D38744F006B3FF6 = {
			isa = PBXGroup;
			children = (
				BBCBED991D38744F006B3FF6 /* DNFortuneParser */,
				BBCBED981D38744F006B3FF6 /* Products */,
			);
			sourceTree = "<group>";
		};
		BBCBED981D38744F006B3FF6 /* Products */ = {
			isa = PBXGroup;
			children = (
				BBCBED971D38744F006B3FF6 /* libDNFortuneParser.a */,
			);
			name = Products;
			sourceTree = "<group>";
		};
		BBCBED991D38744F006B3FF6 /* DNFortuneParser */ = {
			isa = PBXGroup;
			children = (
				BBCBED9A1D38744F006B3FF6 /* DNFortuneParser.h */,
				BBCBED9C1D38744F006B3FF6 /* DNFortuneParser.m */,
				BBBBED361D3890FF005183C4 /* Fortune.h */,
				BBBBED371D3890FF005183C4 /* Fortune.m */,
			);
			path = DNFortuneParser;
			sourceTree = "<group>";
		};
/* End PBXGroup section */

/* Begin PBXNativeTarget section */
		BBCBED961D38744F006B3FF6 /* DNFortuneParser */ = {
			isa = PBXNativeTarget;
			buildConfigurationList = BBCBEDA01D38744F006B3FF6 /* Build configuration list for PBXNativeTarget "DNFortuneParser" */;
			buildPhases = (
				BBCBED931D38744F006B3FF6 /* Sources */,
				BBCBED941D38744F006B3FF6 /* Frameworks */,
				BBCBED951D38744F006B3FF6 /* CopyFiles */,
			);
			buildRules = (
			);
			dependencies = (
			);
			name = DNFortuneParser;
			productName = DNFortuneParser;
			productReference = BBCBED971D38744F006B3FF6 /* libDNFortuneParser.a */;
			productType = "com.apple.product-type.library.static";
		};
/* End PBXNativeTarget section */

/* Begin PBXProject section */
		BBCBED8F1D38744F006B3FF6 /* Project object */ = {
			isa = PBXProject;
			attributes = {
				LastUpgradeCheck = 0730;
				ORGANIZATIONNAME = "David Nedrow";
				TargetAttributes = {
					BBCBED961D38744F006B3FF6 = {
						CreatedOnToolsVersion = 7.3.1;
					};
				};
			};
			buildConfigurationList = BBCBED921D38744F006B3FF6 /* Build configuration list for PBXProject "DNFortuneParser" */;
			compatibilityVersion = "Xcode 3.2";
			developmentRegion = English;
			hasScannedForEncodings = 0;
			knownRegions = (
				en,
			);
			mainGroup = BBCBED8E1D38744F006B3FF6;
			productRefGroup = BBCBED981D38744F006B3FF6 /* Products */;
			projectDirPath = "";
			projectRoot = "";
			targets = (
				BBCBED961D38744F006B3FF6 /* DNFortuneParser */,
			);
		};
/* End PBXProject section */

/* Begin PBXSourcesBuildPhase section */
		BBCBED931D38744F006B3FF6 /* Sources */ = {
			isa = PBXSourcesBuildPhase;
			buildActionMask = 2147483647;
			files = (
				BBCBED9D1D38744F006B3FF6 /* DNFortuneParser.m in Sources */,
				BBBBED381D3890FF005183C4 /* Fortune.m in Sources */,
			);
			runOnlyForDeploymentPostprocessing = 0;
		};
/* End PBXSourcesBuildPhase section */

/* Begin XCBuildConfiguration section */
		BBCBED9E1D38744F006B3FF6 /* Debug */ = {
			isa = XCBuildConfiguration;
			buildSettings = {
				ALWAYS_SEARCH_USER_PATHS = NO;
				CLANG_ANALYZER_NONNULL = YES;
				CLANG_CXX_LANGUAGE_STANDARD = "gnu++0x";
				CLANG_CXX_LIBRARY = "libc++";
				CLANG_ENABLE_MODULES = YES;
				CLANG_ENABLE_OBJC_ARC = YES;
				CLANG_WARN_BOOL_CONVERSION = YES;
				CLANG_WARN_CONSTANT_CONVERSION = YES;
				CLANG_WARN_DIRECT_OBJC_ISA_USAGE = YES_ERROR;
				CLANG_WARN_EMPTY_BODY = YES;
				CLANG_WARN_ENUM_CONVERSION = YES;
				CLANG_WARN_INT_CONVERSION = YES;
				CLANG_WARN_OBJC_ROOT_CLASS = YES_ERROR;
				CLANG_WARN_UNREACHABLE_CODE = YES;
				CLANG_WARN__DUPLICATE_METHOD_MATCH = YES;
				"CODE_SIGN_IDENTITY[sdk=iphoneos*]" = "iPhone Developer";
				COPY_PHASE_STRIP = NO;
				DEBUG_INFORMATION_FORMAT = dwarf;
				ENABLE_STRICT_OBJC_MSGSEND = YES;
				ENABLE_TESTABILITY = YES;
				GCC_C_LANGUAGE_STANDARD = gnu99;
				GCC_DYNAMIC_NO_PIC = NO;
				GCC_NO_COMMON_BLOCKS = YES;
				GCC_OPTIMIZATION_LEVEL = 0;
				GCC_PREPROCESSOR_DEFINITIONS = (
					"DEBUG=1",
					"$(inherited)",
				);
				GCC_WARN_64_TO_32_BIT_CONVERSION = YES;
				GCC_WARN_ABOUT_RETURN_TYPE = YES_ERROR;
				GCC_WARN_UNDECLARED_SELECTOR = YES;
				GCC_WARN_UNINITIALIZED_AUTOS = YES_AGGRESSIVE;
				GCC_WARN_UNUSED_FUNCTION = YES;
				GCC_WARN_UNUSED_VARIABLE = YES;
				IPHONEOS_DEPLOYMENT_TARGET = 9.3;
				MTL_ENABLE_DEBUG_INFO = YES;
				ONLY_ACTIVE_ARCH = YES;
				SDKROOT = iphoneos;
			};
			name = Debug;
		};
		BBCBED9F1D38744F006B3FF6 /* Release */ = {
			isa = XCBuildConfiguration;
			buildSettings = {
				ALWAYS_SEARCH_USER_PATHS = NO;
				CLANG_ANALYZER_NONNULL = YES;
				CLANG_CXX_LANGUAGE_STANDARD = "gnu++0x";
				CLANG_CXX_LIBRARY = "libc++";
				CLANG_ENABLE_MODULES = YES;
				CLANG_ENABLE_OBJC_ARC = YES;
				CLANG_WARN_BOOL_CONVERSION = YES;
				CLANG_WARN_CONSTANT_CONVERSION = YES;
				CLANG_WARN_DIRECT_OBJC_ISA_USAGE = YES_ERROR;
				CLANG_WARN_EMPTY_BODY = YES;
				CLANG_WARN_ENUM_CONVERSION = YES;
				CLANG_WARN_INT_CONVERSION = YES;
				CLANG_WARN_OBJC_ROOT_CLASS = YES_ERROR;
				CLANG_WARN_UNREACHABLE_CODE = YES;
				CLANG_WARN__DUPLICATE_METHOD_MATCH = YES;
				"CODE_SIGN_IDENTITY[sdk=iphoneos*]" = "iPhone Developer";
				COPY_PHASE_STRIP = NO;
				DEBUG_INFORMATION_FORMAT = "dwarf-with-dsym";
				ENABLE_NS_ASSERTIONS = NO;
				ENABLE_STRICT_OBJC_MSGSEND = YES;
				GCC_C_LANGUAGE_STANDARD = gnu99;
				GCC_NO_COMMON_BLOCKS = YES;
				GCC_WARN_64_TO_32_BIT_CONVERSION = YES;
				GCC_WARN_ABOUT_RETURN_TYPE = YES_ERROR;
				GCC_WARN_UNDECLARED_SELECTOR = YES;
				GCC_WARN_UNINITIALIZED_AUTOS = YES_AGGRESSIVE;
				GCC_WARN_UNUSED_FUNCTION = YES;
				GCC_WARN_UNUSED_VARIABLE = YES;
				IPHONEOS_DEPLOYMENT_TARGET = 9.3;
				MTL_ENABLE_DEBUG_INFO = NO;
				SDKROOT = iphoneos;
				VALIDATE_PRODUCT = YES;
			};
			name = Release;
		};
		BBCBEDA11D38744F006B3FF6 /* Debug */ = {
			isa = XCBuildConfiguration;
			buildSettings = {
				OTHER_LDFLAGS = "-ObjC";
				PRODUCT_NAME = "$(TARGET_NAME)";
				SKIP_INSTALL = YES;
			};
			name = Debug;
		};
		BBCBEDA21D38744F006B3FF6 /* Release */ = {
			isa = XCBuildConfiguration;
			buildSettings = {
				OTHER_LDFLAGS = "-ObjC";
				PRODUCT_NAME = "$(TARGET_NAME)";
				SKIP_INSTALL = YES;
			};
			name = Release;
		};
/* End XCBuildConfiguration section */

/* Begin XCConfigurationList section */
		BBCBED921D38744F006B3FF6 /* Build configuration list for PBXProject "DNFortuneParser" */ = {
			isa = XCConfigurationList;
			buildConfigurations = (
				BBCBED9E1D38744F006B3FF6 /* Debug */,
				BBCBED9F1D38744F006B3FF6 /* Release */,
			);
			defaultConfigurationIsVisible = 0;
			defaultConfigurationName = Release;
		};
		BBCBEDA01D38744F006B3FF6 /* Build configuration list for PBXNativeTarget "DNFortuneParser" */ = {
			isa = XCConfigurationList;
			buildConfigurations = (
				BBCBEDA11D38744F006B3FF6 /* Debug */,
				BBCBEDA21D38744F006B3FF6 /* Release */,
			);
			defaultConfigurationIsVisible = 0;
			defaultConfigurationName = Release;
		};
/* End XCConfigurationList section */
	};
	rootObject = BBCBED8F1D38744F006B3FF6 /* Project object */;
}
